
Microsoft Visual Studio Solution File, Format Version 12.00
# Visual Studio 15
VisualStudioVersion = 15.0.27130.2010
MinimumVisualStudioVersion = 10.0.40219.1
Project("{9A19103F-16F7-4668-BE54-9A1E7A4F7556}") = "OnlineMovieTicketBookingProject", "OnlineMovieTicketBookingProject\OnlineMovieTicketBookingProject.csproj", "{E77FB93C-DED4-49A7-8AC9-F0922B47F773}"
EndProject
Project("{FAE04EC0-301F-11D3-BF4B-00C04F79EFBC}") = "FileUploadControl", "FileUploadControl\FileUploadControl.csproj", "{AA0E7258-1AB7-444C-884A-E173202961D3}"
EndProject
Global
	GlobalSection(SolutionConfigurationPlatforms) = preSolution
		Debug|Any CPU = Debug|Any CPU
		Release|Any CPU = Release|Any CPU
	EndGlobalSection
	GlobalSection(ProjectConfigurationPlatforms) = postSolution
		{E77FB93C-DED4-49A7-8AC9-F0922B47F773}.Debug|Any CPU.ActiveCfg = Debug|Any CPU
		{E77FB93C-DED4-49A7-8AC9-F0922B47F773}.Debug|Any CPU.Build.0 = Debug|Any CPU
		{E77FB93C-DED4-49A7-8AC9-F0922B47F773}.Release|Any CPU.ActiveCfg = Release|Any CPU
		{E77FB93C-DED4-49A7-8AC9-F0922B47F773}.Release|Any CPU.Build.0 = Release|Any CPU
		{AA0E7258-1AB7-444C-884A-E173202961D3}.Debug|Any CPU.ActiveCfg = Debug|Any CPU
		{AA0E7258-1AB7-444C-884A-E173202961D3}.Debug|Any CPU.Build.0 = Debug|Any CPU
		{AA0E7258-1AB7-444C-884A-E173202961D3}.Release|Any CPU.ActiveCfg = Release|Any CPU
		{AA0E7258-1AB7-444C-884A-E173202961D3}.Release|Any CPU.Build.0 = Release|Any CPU
	EndGlobalSection
	GlobalSection(SolutionProperties) = preSolution
		HideSolutionNode = FALSE
	EndGlobalSection
	GlobalSection(ExtensibilityGlobals) = postSolution
		SolutionGuid = {68E5D318-9492-4854-9EB8-F1471742774D}
	EndGlobalSection
EndGlobal
